
Microsoft Visual Studio Solution File, Format Version 12.00
# Visual Studio Version 17
VisualStudioVersion = 17.14.36603.0 d17.14
MinimumVisualStudioVersion = 10.0.40219.1
Project("{FAE04EC0-301F-11D3-BF4B-00C04F79EFBC}") = "Fokus", "Fokus.csproj", "{4CB3AC84-24F2-4EDD-8885-1B06624ADA5E}"
EndProject
Global
	GlobalSection(SolutionConfigurationPlatforms) = preSolution
		Debug|Any CPU = Debug|Any CPU
		Release|Any CPU = Release|Any CPU
	EndGlobalSection
	GlobalSection(ProjectConfigurationPlatforms) = postSolution
		{4CB3AC84-24F2-4EDD-8885-1B06624ADA5E}.Debug|Any CPU.ActiveCfg = Debug|Any CPU
		{4CB3AC84-24F2-4EDD-8885-1B06624ADA5E}.Debug|Any CPU.Build.0 = Debug|Any CPU
		{4CB3AC84-24F2-4EDD-8885-1B06624ADA5E}.Release|Any CPU.ActiveCfg = Release|Any CPU
		{4CB3AC84-24F2-4EDD-8885-1B06624ADA5E}.Release|Any CPU.Build.0 = Release|Any CPU
	EndGlobalSection
	GlobalSection(SolutionProperties) = preSolution
		HideSolutionNode = FALSE
	EndGlobalSection
	GlobalSection(ExtensibilityGlobals) = postSolution
		SolutionGuid = {34D16677-59A3-4FE2-BC3B-9FA428C4AD23}
	EndGlobalSection
EndGlobal
